PODS:
  - FSCalendar (2.8.2)
  - Kingfisher (7.2.0)
  - RxCocoa (6.5.0):
    - RxRelay (= 6.5.0)
    - RxSwift (= 6.5.0)
  - RxRelay (6.5.0):
    - RxSwift (= 6.5.0)
  - RxSwift (6.5.0)

DEPENDENCIES:
  - FSCalendar
  - Kingfisher (~> 7.0)
  - RxCocoa (~> 6.5.0)
  - RxSwift (~> 6.5.0)

SPEC REPOS:
  trunk:
    - FSCalendar
    - Kingfisher
    - RxCocoa
    - RxRelay
    - RxSwift

SPEC CHECKSUMS:
  FSCalendar: e6a2eb9c571bf0719ed797ef807e08426753c241
  Kingfisher: 3ac0b75b155cabc0e544877d1a4deea29feece92
  RxCocoa: 94f817b71c07517321eb4f9ad299112ca8af743b
  RxRelay: 1de1523e604c72b6c68feadedd1af3b1b4d0ecbd
  RxSwift: 5710a9e6b17f3c3d6e40d6e559b9fa1e813b2ef8

PODFILE CHECKSUM: c7200a45df4fcaf2faf2d2c1833a39730a09a68f

COCOAPODS: 1.11.2
