// !$*UTF8*$!
{
	archiveVersion = 1;
	classes = {
	};
	objectVersion = 55;
	objects = {

/* Begin PBXBuildFile section */
		AF17B81D27E088F2009AA710 /* AppDelegate.swift in Sources */ = {isa = PBXBuildFile; fileRef = AF17B81C27E088F2009AA710 /* AppDelegate.swift */; };
		AF17B81F27E088F2009AA710 /* SceneDelegate.swift in Sources */ = {isa = PBXBuildFile; fileRef = AF17B81E27E088F2009AA710 /* SceneDelegate.swift */; };
		AF17B82127E088F2009AA710 /* ViewController.swift in Sources */ = {isa = PBXBuildFile; fileRef = AF17B82027E088F2009AA710 /* ViewController.swift */; };
		AF17B82427E088F2009AA710 /* Main.storyboard in Resources */ = {isa = PBXBuildFile; fileRef = AF17B82227E088F2009AA710 /* Main.storyboard */; };
		AF17B82627E088F2009AA710 /* Assets.xcassets in Resources */ = {isa = PBXBuildFile; fileRef = AF17B82527E088F2009AA710 /* Assets.xcassets */; };
		AF17B82927E088F2009AA710 /* LaunchScreen.storyboard in Resources */ = {isa = PBXBuildFile; fileRef = AF17B82727E088F2009AA710 /* LaunchScreen.storyboard */; };
		AF17B83427E088F2009AA710 /* XcTest_P_Tests.swift in Sources */ = {isa = PBXBuildFile; fileRef = AF17B83327E088F2009AA710 /* XcTest_P_Tests.swift */; };
		AF17B83E27E088F2009AA710 /* XcTest_P_UITests.swift in Sources */ = {isa = PBXBuildFile; fileRef = AF17B83D27E088F2009AA710 /* XcTest_P_UITests.swift */; };
		AF17B84027E088F2009AA710 /* XcTest_P_UITestsLaunchTests.swift in Sources */ = {isa = PBXBuildFile; fileRef = AF17B83F27E088F2009AA710 /* XcTest_P_UITestsLaunchTests.swift */; };
		AF17B84C27E091DD009AA710 /* Main.storyboard in Resources */ = {isa = PBXBuildFile; fileRef = AF17B82227E088F2009AA710 /* Main.storyboard */; };
		AF17B84D27E092BF009AA710 /* ViewController.swift in Sources */ = {isa = PBXBuildFile; fileRef = AF17B82027E088F2009AA710 /* ViewController.swift */; };
/* End PBXBuildFile section */

/* Begin PBXContainerItemProxy section */
		AF17B83027E088F2009AA710 /* PBXContainerItemProxy */ = {
			isa = PBXContainerItemProxy;
			containerPortal = AF17B81127E088F2009AA710 /* Project object */;
			proxyType = 1;
			remoteGlobalIDString = AF17B81827E088F2009AA710;
			remoteInfo = "XcTest<P>";
		};
		AF17B83A27E088F2009AA710 /* PBXContainerItemProxy */ = {
			isa = PBXContainerItemProxy;
			containerPortal = AF17B81127E088F2009AA710 /* Project object */;
			proxyType = 1;
			remoteGlobalIDString = AF17B81827E088F2009AA710;
			remoteInfo = "XcTest<P>";
		};
/* End PBXContainerItemProxy section */

/* Begin PBXFileReference section */
		AF17B81927E088F2009AA710 /* XcTest<P>.app */ = {isa = PBXFileReference; explicitFileType = wrapper.application; includeInIndex = 0; path = "XcTest<P>.app"; sourceTree = BUILT_PRODUCTS_DIR; };
		AF17B81C27E088F2009AA710 /* AppDelegate.swift */ = {isa = PBXFileReference; lastKnownFileType = sourcecode.swift; path = AppDelegate.swift; sourceTree = "<group>"; };
		AF17B81E27E088F2009AA710 /* SceneDelegate.swift */ = {isa = PBXFileReference; lastKnownFileType = sourcecode.swift; path = SceneDelegate.swift; sourceTree = "<group>"; };
		AF17B82027E088F2009AA710 /* ViewController.swift */ = {isa = PBXFileReference; lastKnownFileType = sourcecode.swift; path = ViewController.swift; sourceTree = "<group>"; };
		AF17B82327E088F2009AA710 /* Base */ = {isa = PBXFileReference; lastKnownFileType = file.storyboard; name = Base; path = Base.lproj/Main.storyboard; sourceTree = "<group>"; };
		AF17B82527E088F2009AA710 /* Assets.xcassets */ = {isa = PBXFileReference; lastKnownFileType = folder.assetcatalog; path = Assets.xcassets; sourceTree = "<group>"; };
		AF17B82827E088F2009AA710 /* Base */ = {isa = PBXFileReference; lastKnownFileType = file.storyboard; name = Base; path = Base.lproj/LaunchScreen.storyboard; sourceTree = "<group>"; };
		AF17B82A27E088F2009AA710 /* Info.plist */ = {isa = PBXFileReference; lastKnownFileType = text.plist.xml; path = Info.plist; sourceTree = "<group>"; };
		AF17B82F27E088F2009AA710 /* XcTest<P>Tests.xctest */ = {isa = PBXFileReference; explicitFileType = wrapper.cfbundle; includeInIndex = 0; path = "XcTest<P>Tests.xctest"; sourceTree = BUILT_PRODUCTS_DIR; };
		AF17B83327E088F2009AA710 /* XcTest_P_Tests.swift */ = {isa = PBXFileReference; lastKnownFileType = sourcecode.swift; path = XcTest_P_Tests.swift; sourceTree = "<group>"; };
		AF17B83927E088F2009AA710 /* XcTest<P>UITests.xctest */ = {isa = PBXFileReference; explicitFileType = wrapper.cfbundle; includeInIndex = 0; path = "XcTest<P>UITests.xctest"; sourceTree = BUILT_PRODUCTS_DIR; };
		AF17B83D27E088F2009AA710 /* XcTest_P_UITests.swift */ = {isa = PBXFileReference; lastKnownFileType = sourcecode.swift; path = XcTest_P_UITests.swift; sourceTree = "<group>"; };
		AF17B83F27E088F2009AA710 /* XcTest_P_UITestsLaunchTests.swift */ = {isa = PBXFileReference; lastKnownFileType = sourcecode.swift; path = XcTest_P_UITestsLaunchTests.swift; sourceTree = "<group>"; };
/* End PBXFileReference section */

/* Begin PBXFrameworksBuildPhase section */
		AF17B81627E088F2009AA710 /* Frameworks */ = {
			isa = PBXFrameworksBuildPhase;
			buildActionMask = 2147483647;
			files = (
			);
			runOnlyForDeploymentPostprocessing = 0;
		};
		AF17B82C27E088F2009AA710 /* Frameworks */ = {
			isa = PBXFrameworksBuildPhase;
			buildActionMask = 2147483647;
			files = (
			);
			runOnlyForDeploymentPostprocessing = 0;
		};
		AF17B83627E088F2009AA710 /* Frameworks */ = {
			isa = PBXFrameworksBuildPhase;
			buildActionMask = 2147483647;
			files = (
			);
			runOnlyForDeploymentPostprocessing = 0;
		};
/* End PBXFrameworksBuildPhase section */

/* Begin PBXGroup section */
		AF17B81027E088F2009AA710 = {
			isa = PBXGroup;
			children = (
				AF17B81B27E088F2009AA710 /* XcTest<P> */,
				AF17B83227E088F2009AA710 /* XcTest<P>Tests */,
				AF17B83C27E088F2009AA710 /* XcTest<P>UITests */,
				AF17B81A27E088F2009AA710 /* Products */,
			);
			sourceTree = "<group>";
		};
		AF17B81A27E088F2009AA710 /* Products */ = {
			isa = PBXGroup;
			children = (
				AF17B81927E088F2009AA710 /* XcTest<P>.app */,
				AF17B82F27E088F2009AA710 /* XcTest<P>Tests.xctest */,
				AF17B83927E088F2009AA710 /* XcTest<P>UITests.xctest */,
			);
			name = Products;
			sourceTree = "<group>";
		};
		AF17B81B27E088F2009AA710 /* XcTest<P> */ = {
			isa = PBXGroup;
			children = (
				AF17B81C27E088F2009AA710 /* AppDelegate.swift */,
				AF17B81E27E088F2009AA710 /* SceneDelegate.swift */,
				AF17B82027E088F2009AA710 /* ViewController.swift */,
				AF17B82227E088F2009AA710 /* Main.storyboard */,
				AF17B82527E088F2009AA710 /* Assets.xcassets */,
				AF17B82727E088F2009AA710 /* LaunchScreen.storyboard */,
				AF17B82A27E088F2009AA710 /* Info.plist */,
			);
			path = "XcTest<P>";
			sourceTree = "<group>";
		};
		AF17B83227E088F2009AA710 /* XcTest<P>Tests */ = {
			isa = PBXGroup;
			children = (
				AF17B83327E088F2009AA710 /* XcTest_P_Tests.swift */,
			);
			path = "XcTest<P>Tests";
			sourceTree = "<group>";
		};
		AF17B83C27E088F2009AA710 /* XcTest<P>UITests */ = {
			isa = PBXGroup;
			children = (
				AF17B83D27E088F2009AA710 /* XcTest_P_UITests.swift */,
				AF17B83F27E088F2009AA710 /* XcTest_P_UITestsLaunchTests.swift */,
			);
			path = "XcTest<P>UITests";
			sourceTree = "<group>";
		};
/* End PBXGroup section */

/* Begin PBXNativeTarget section */
		AF17B81827E088F2009AA710 /* XcTest<P> */ = {
			isa = PBXNativeTarget;
			buildConfigurationList = AF17B84327E088F2009AA710 /* Build configuration list for PBXNativeTarget "XcTest<P>" */;
			buildPhases = (
				AF17B81527E088F2009AA710 /* Sources */,
				AF17B81627E088F2009AA710 /* Frameworks */,
				AF17B81727E088F2009AA710 /* Resources */,
			);
			buildRules = (
			);
			dependencies = (
			);
			name = "XcTest<P>";
			productName = "XcTest<P>";
			productReference = AF17B81927E088F2009AA710 /* XcTest<P>.app */;
			productType = "com.apple.product-type.application";
		};
		AF17B82E27E088F2009AA710 /* XcTest<P>Tests */ = {
			isa = PBXNativeTarget;
			buildConfigurationList = AF17B84627E088F2009AA710 /* Build configuration list for PBXNativeTarget "XcTest<P>Tests" */;
			buildPhases = (
				AF17B82B27E088F2009AA710 /* Sources */,
				AF17B82C27E088F2009AA710 /* Frameworks */,
				AF17B82D27E088F2009AA710 /* Resources */,
			);
			buildRules = (
			);
			dependencies = (
				AF17B83127E088F2009AA710 /* PBXTargetDependency */,
			);
			name = "XcTest<P>Tests";
			productName = "XcTest<P>Tests";
			productReference = AF17B82F27E088F2009AA710 /* XcTest<P>Tests.xctest */;
			productType = "com.apple.product-type.bundle.unit-test";
		};
		AF17B83827E088F2009AA710 /* XcTest<P>UITests */ = {
			isa = PBXNativeTarget;
			buildConfigurationList = AF17B84927E088F2009AA710 /* Build configuration list for PBXNativeTarget "XcTest<P>UITests" */;
			buildPhases = (
				AF17B83527E088F2009AA710 /* Sources */,
				AF17B83627E088F2009AA710 /* Frameworks */,
				AF17B83727E088F2009AA710 /* Resources */,
			);
			buildRules = (
			);
			dependencies = (
				AF17B83B27E088F2009AA710 /* PBXTargetDependency */,
			);
			name = "XcTest<P>UITests";
			productName = "XcTest<P>UITests";
			productReference = AF17B83927E088F2009AA710 /* XcTest<P>UITests.xctest */;
			productType = "com.apple.product-type.bundle.ui-testing";
		};
/* End PBXNativeTarget section */

/* Begin PBXProject section */
		AF17B81127E088F2009AA710 /* Project object */ = {
			isa = PBXProject;
			attributes = {
				BuildIndependentTargetsInParallel = 1;
				LastSwiftUpdateCheck = 1320;
				LastUpgradeCheck = 1320;
				TargetAttributes = {
					AF17B81827E088F2009AA710 = {
						CreatedOnToolsVersion = 13.2;
					};
					AF17B82E27E088F2009AA710 = {
						CreatedOnToolsVersion = 13.2;
						TestTargetID = AF17B81827E088F2009AA710;
					};
					AF17B83827E088F2009AA710 = {
						CreatedOnToolsVersion = 13.2;
						TestTargetID = AF17B81827E088F2009AA710;
					};
				};
			};
			buildConfigurationList = AF17B81427E088F2009AA710 /* Build configuration list for PBXProject "XcTest<P>" */;
			compatibilityVersion = "Xcode 13.0";
			developmentRegion = en;
			hasScannedForEncodings = 0;
			knownRegions = (
				en,
				Base,
			);
			mainGroup = AF17B81027E088F2009AA710;
			productRefGroup = AF17B81A27E088F2009AA710 /* Products */;
			projectDirPath = "";
			projectRoot = "";
			targets = (
				AF17B81827E088F2009AA710 /* XcTest<P> */,
				AF17B82E27E088F2009AA710 /* XcTest<P>Tests */,
				AF17B83827E088F2009AA710 /* XcTest<P>UITests */,
			);
		};
/* End PBXProject section */

/* Begin PBXResourcesBuildPhase section */
		AF17B81727E088F2009AA710 /* Resources */ = {
			isa = PBXResourcesBuildPhase;
			buildActionMask = 2147483647;
			files = (
				AF17B82927E088F2009AA710 /* LaunchScreen.storyboard in Resources */,
				AF17B82627E088F2009AA710 /* Assets.xcassets in Resources */,
				AF17B82427E088F2009AA710 /* Main.storyboard in Resources */,
			);
			runOnlyForDeploymentPostprocessing = 0;
		};
		AF17B82D27E088F2009AA710 /* Resources */ = {
			isa = PBXResourcesBuildPhase;
			buildActionMask = 2147483647;
			files = (
				AF17B84C27E091DD009AA710 /* Main.storyboard in Resources */,
			);
			runOnlyForDeploymentPostprocessing = 0;
		};
		AF17B83727E088F2009AA710 /* Resources */ = {
			isa = PBXResourcesBuildPhase;
			buildActionMask = 2147483647;
			files = (
			);
			runOnlyForDeploymentPostprocessing = 0;
		};
/* End PBXResourcesBuildPhase section */

/* Begin PBXSourcesBuildPhase section */
		AF17B81527E088F2009AA710 /* Sources */ = {
			isa = PBXSourcesBuildPhase;
			buildActionMask = 2147483647;
			files = (
				AF17B82127E088F2009AA710 /* ViewController.swift in Sources */,
				AF17B81D27E088F2009AA710 /* AppDelegate.swift in Sources */,
				AF17B81F27E088F2009AA710 /* SceneDelegate.swift in Sources */,
			);
			runOnlyForDeploymentPostprocessing = 0;
		};
		AF17B82B27E088F2009AA710 /* Sources */ = {
			isa = PBXSourcesBuildPhase;
			buildActionMask = 2147483647;
			files = (
				AF17B84D27E092BF009AA710 /* ViewController.swift in Sources */,
				AF17B83427E088F2009AA710 /* XcTest_P_Tests.swift in Sources */,
			);
			runOnlyForDeploymentPostprocessing = 0;
		};
		AF17B83527E088F2009AA710 /* Sources */ = {
			isa = PBXSourcesBuildPhase;
			buildActionMask = 2147483647;
			files = (
				AF17B84027E088F2009AA710 /* XcTest_P_UITestsLaunchTests.swift in Sources */,
				AF17B83E27E088F2009AA710 /* XcTest_P_UITests.swift in Sources */,
			);
			runOnlyForDeploymentPostprocessing = 0;
		};
/* End PBXSourcesBuildPhase section */

/* Begin PBXTargetDependency section */
		AF17B83127E088F2009AA710 /* PBXTargetDependency */ = {
			isa = PBXTargetDependency;
			target = AF17B81827E088F2009AA710 /* XcTest<P> */;
			targetProxy = AF17B83027E088F2009AA710 /* PBXContainerItemProxy */;
		};
		AF17B83B27E088F2009AA710 /* PBXTargetDependency */ = {
			isa = PBXTargetDependency;
			target = AF17B81827E088F2009AA710 /* XcTest<P> */;
			targetProxy = AF17B83A27E088F2009AA710 /* PBXContainerItemProxy */;
		};
/* End PBXTargetDependency section */

/* Begin PBXVariantGroup section */
		AF17B82227E088F2009AA710 /* Main.storyboard */ = {
			isa = PBXVariantGroup;
			children = (
				AF17B82327E088F2009AA710 /* Base */,
			);
			name = Main.storyboard;
			sourceTree = "<group>";
		};
		AF17B82727E088F2009AA710 /* LaunchScreen.storyboard */ = {
			isa = PBXVariantGroup;
			children = (
				AF17B82827E088F2009AA710 /* Base */,
			);
			name = LaunchScreen.storyboard;
			sourceTree = "<group>";
		};
/* End PBXVariantGroup section */

/* Begin XCBuildConfiguration section */
		AF17B84127E088F2009AA710 /* Debug */ = {
			isa = XCBuildConfiguration;
			buildSettings = {
				ALWAYS_SEARCH_USER_PATHS = NO;
				CLANG_ANALYZER_NONNULL = YES;
				CLANG_ANALYZER_NUMBER_OBJECT_CONVERSION = YES_AGGRESSIVE;
				CLANG_CXX_LANGUAGE_STANDARD = "gnu++17";
				CLANG_CXX_LIBRARY = "libc++";
				CLANG_ENABLE_MODULES = YES;
				CLANG_ENABLE_OBJC_ARC = YES;
				CLANG_ENABLE_OBJC_WEAK = YES;
				CLANG_WARN_BLOCK_CAPTURE_AUTORELEASING = YES;
				CLANG_WARN_BOOL_CONVERSION = YES;
				CLANG_WARN_COMMA = YES;
				CLANG_WARN_CONSTANT_CONVERSION = YES;
				CLANG_WARN_DEPRECATED_OBJC_IMPLEMENTATIONS = YES;
				CLANG_WARN_DIRECT_OBJC_ISA_USAGE = YES_ERROR;
				CLANG_WARN_DOCUMENTATION_COMMENTS = YES;
				CLANG_WARN_EMPTY_BODY = YES;
				CLANG_WARN_ENUM_CONVERSION = YES;
				CLANG_WARN_INFINITE_RECURSION = YES;
				CLANG_WARN_INT_CONVERSION = YES;
				CLANG_WARN_NON_LITERAL_NULL_CONVERSION = YES;
				CLANG_WARN_OBJC_IMPLICIT_RETAIN_SELF = YES;
				CLANG_WARN_OBJC_LITERAL_CONVERSION = YES;
				CLANG_WARN_OBJC_ROOT_CLASS = YES_ERROR;
				CLANG_WARN_QUOTED_INCLUDE_IN_FRAMEWORK_HEADER = YES;
				CLANG_WARN_RANGE_LOOP_ANALYSIS = YES;
				CLANG_WARN_STRICT_PROTOTYPES = YES;
				CLANG_WARN_SUSPICIOUS_MOVE = YES;
				CLANG_WARN_UNGUARDED_AVAILABILITY = YES_AGGRESSIVE;
				CLANG_WARN_UNREACHABLE_CODE = YES;
				CLANG_WARN__DUPLICATE_METHOD_MATCH = YES;
				COPY_PHASE_STRIP = NO;
				DEBUG_INFORMATION_FORMAT = dwarf;
				ENABLE_STRICT_OBJC_MSGSEND = YES;
				ENABLE_TESTABILITY = YES;
				GCC_C_LANGUAGE_STANDARD = gnu11;
				GCC_DYNAMIC_NO_PIC = NO;
				GCC_NO_COMMON_BLOCKS = YES;
				GCC_OPTIMIZATION_LEVEL = 0;
				GCC_PREPROCESSOR_DEFINITIONS = (
					"DEBUG=1",
					"$(inherited)",
				);
				GCC_WARN_64_TO_32_BIT_CONVERSION = YES;
				GCC_WARN_ABOUT_RETURN_TYPE = YES_ERROR;
				GCC_WARN_UNDECLARED_SELECTOR = YES;
				GCC_WARN_UNINITIALIZED_AUTOS = YES_AGGRESSIVE;
				GCC_WARN_UNUSED_FUNCTION = YES;
				GCC_WARN_UNUSED_VARIABLE = YES;
				IPHONEOS_DEPLOYMENT_TARGET = 15.2;
				MTL_ENABLE_DEBUG_INFO = INCLUDE_SOURCE;
				MTL_FAST_MATH = YES;
				ONLY_ACTIVE_ARCH = YES;
				SDKROOT = iphoneos;
				SWIFT_ACTIVE_COMPILATION_CONDITIONS = DEBUG;
				SWIFT_OPTIMIZATION_LEVEL = "-Onone";
			};
			name = Debug;
		};
		AF17B84227E088F2009AA710 /* Release */ = {
			isa = XCBuildConfiguration;
			buildSettings = {
				ALWAYS_SEARCH_USER_PATHS = NO;
				CLANG_ANALYZER_NONNULL = YES;
				CLANG_ANALYZER_NUMBER_OBJECT_CONVERSION = YES_AGGRESSIVE;
				CLANG_CXX_LANGUAGE_STANDARD = "gnu++17";
				CLANG_CXX_LIBRARY = "libc++";
				CLANG_ENABLE_MODULES = YES;
				CLANG_ENABLE_OBJC_ARC = YES;
				CLANG_ENABLE_OBJC_WEAK = YES;
				CLANG_WARN_BLOCK_CAPTURE_AUTORELEASING = YES;
				CLANG_WARN_BOOL_CONVERSION = YES;
				CLANG_WARN_COMMA = YES;
				CLANG_WARN_CONSTANT_CONVERSION = YES;
				CLANG_WARN_DEPRECATED_OBJC_IMPLEMENTATIONS = YES;
				CLANG_WARN_DIRECT_OBJC_ISA_USAGE = YES_ERROR;
				CLANG_WARN_DOCUMENTATION_COMMENTS = YES;
				CLANG_WARN_EMPTY_BODY = YES;
				CLANG_WARN_ENUM_CONVERSION = YES;
				CLANG_WARN_INFINITE_RECURSION = YES;
				CLANG_WARN_INT_CONVERSION = YES;
				CLANG_WARN_NON_LITERAL_NULL_CONVERSION = YES;
				CLANG_WARN_OBJC_IMPLICIT_RETAIN_SELF = YES;
				CLANG_WARN_OBJC_LITERAL_CONVERSION = YES;
				CLANG_WARN_OBJC_ROOT_CLASS = YES_ERROR;
				CLANG_WARN_QUOTED_INCLUDE_IN_FRAMEWORK_HEADER = YES;
				CLANG_WARN_RANGE_LOOP_ANALYSIS = YES;
				CLANG_WARN_STRICT_PROTOTYPES = YES;
				CLANG_WARN_SUSPICIOUS_MOVE = YES;
				CLANG_WARN_UNGUARDED_AVAILABILITY = YES_AGGRESSIVE;
				CLANG_WARN_UNREACHABLE_CODE = YES;
				CLANG_WARN__DUPLICATE_METHOD_MATCH = YES;
				COPY_PHASE_STRIP = NO;
				DEBUG_INFORMATION_FORMAT = "dwarf-with-dsym";
				ENABLE_NS_ASSERTIONS = NO;
				ENABLE_STRICT_OBJC_MSGSEND = YES;
				GCC_C_LANGUAGE_STANDARD = gnu11;
				GCC_NO_COMMON_BLOCKS = YES;
				GCC_WARN_64_TO_32_BIT_CONVERSION = YES;
				GCC_WARN_ABOUT_RETURN_TYPE = YES_ERROR;
				GCC_WARN_UNDECLARED_SELECTOR = YES;
				GCC_WARN_UNINITIALIZED_AUTOS = YES_AGGRESSIVE;
				GCC_WARN_UNUSED_FUNCTION = YES;
				GCC_WARN_UNUSED_VARIABLE = YES;
				IPHONEOS_DEPLOYMENT_TARGET = 15.2;
				MTL_ENABLE_DEBUG_INFO = NO;
				MTL_FAST_MATH = YES;
				SDKROOT = iphoneos;
				SWIFT_COMPILATION_MODE = wholemodule;
				SWIFT_OPTIMIZATION_LEVEL = "-O";
				VALIDATE_PRODUCT = YES;
			};
			name = Release;
		};
		AF17B84427E088F2009AA710 /* Debug */ = {
			isa = XCBuildConfiguration;
			buildSettings = {
				ASSETCATALOG_COMPILER_APPICON_NAME = AppIcon;
				ASSETCATALOG_COMPILER_GLOBAL_ACCENT_COLOR_NAME = AccentColor;
				CODE_SIGN_STYLE = Automatic;
				CURRENT_PROJECT_VERSION = 1;
				DEVELOPMENT_TEAM = SWPBG3YXG5;
				GENERATE_INFOPLIST_FILE = YES;
				INFOPLIST_FILE = "XcTest<P>/Info.plist";
				INFOPLIST_KEY_UIApplicationSupportsIndirectInputEvents = YES;
				INFOPLIST_KEY_UILaunchStoryboardName = LaunchScreen;
				INFOPLIST_KEY_UIMainStoryboardFile = Main;
				INFOPLIST_KEY_UISupportedInterfaceOrientations_iPad = "UIInterfaceOrientationPortrait UIInterfaceOrientationPortraitUpsideDown UIInterfaceOrientationLandscapeLeft UIInterfaceOrientationLandscapeRight";
				INFOPLIST_KEY_UISupportedInterfaceOrientations_iPhone = "UIInterfaceOrientationPortrait UIInterfaceOrientationLandscapeLeft UIInterfaceOrientationLandscapeRight";
				LD_RUNPATH_SEARCH_PATHS = (
					"$(inherited)",
					"@executable_path/Frameworks",
				);
				MARKETING_VERSION = 1.0;
				PRODUCT_BUNDLE_IDENTIFIER = com.wonbeen.XcTestprac;
				PRODUCT_NAME = "$(TARGET_NAME)";
				SWIFT_EMIT_LOC_STRINGS = YES;
				SWIFT_VERSION = 5.0;
				TARGETED_DEVICE_FAMILY = "1,2";
			};
			name = Debug;
		};
		AF17B84527E088F2009AA710 /* Release */ = {
			isa = XCBuildConfiguration;
			buildSettings = {
				ASSETCATALOG_COMPILER_APPICON_NAME = AppIcon;
				ASSETCATALOG_COMPILER_GLOBAL_ACCENT_COLOR_NAME = AccentColor;
				CODE_SIGN_STYLE = Automatic;
				CURRENT_PROJECT_VERSION = 1;
				DEVELOPMENT_TEAM = SWPBG3YXG5;
				GENERATE_INFOPLIST_FILE = YES;
				INFOPLIST_FILE = "XcTest<P>/Info.plist";
				INFOPLIST_KEY_UIApplicationSupportsIndirectInputEvents = YES;
				INFOPLIST_KEY_UILaunchStoryboardName = LaunchScreen;
				INFOPLIST_KEY_UIMainStoryboardFile = Main;
				INFOPLIST_KEY_UISupportedInterfaceOrientations_iPad = "UIInterfaceOrientationPortrait UIInterfaceOrientationPortraitUpsideDown UIInterfaceOrientationLandscapeLeft UIInterfaceOrientationLandscapeRight";
				INFOPLIST_KEY_UISupportedInterfaceOrientations_iPhone = "UIInterfaceOrientationPortrait UIInterfaceOrientationLandscapeLeft UIInterfaceOrientationLandscapeRight";
				LD_RUNPATH_SEARCH_PATHS = (
					"$(inherited)",
					"@executable_path/Frameworks",
				);
				MARKETING_VERSION = 1.0;
				PRODUCT_BUNDLE_IDENTIFIER = com.wonbeen.XcTestprac;
				PRODUCT_NAME = "$(TARGET_NAME)";
				SWIFT_EMIT_LOC_STRINGS = YES;
				SWIFT_VERSION = 5.0;
				TARGETED_DEVICE_FAMILY = "1,2";
			};
			name = Release;
		};
		AF17B84727E088F2009AA710 /* Debug */ = {
			isa = XCBuildConfiguration;
			buildSettings = {
				ALWAYS_EMBED_SWIFT_STANDARD_LIBRARIES = YES;
				BUNDLE_LOADER = "$(TEST_HOST)";
				CODE_SIGN_STYLE = Automatic;
				CURRENT_PROJECT_VERSION = 1;
				DEVELOPMENT_TEAM = SWPBG3YXG5;
				GENERATE_INFOPLIST_FILE = YES;
				IPHONEOS_DEPLOYMENT_TARGET = 15.2;
				MARKETING_VERSION = 1.0;
				PRODUCT_BUNDLE_IDENTIFIER = "com.wonbeen.XcTest-P-Tests";
				PRODUCT_NAME = "$(TARGET_NAME)";
				SWIFT_EMIT_LOC_STRINGS = NO;
				SWIFT_VERSION = 5.0;
				TARGETED_DEVICE_FAMILY = "1,2";
				TEST_HOST = "$(BUILT_PRODUCTS_DIR)/XcTest<P>.app/XcTest<P>";
			};
			name = Debug;
		};
		AF17B84827E088F2009AA710 /* Release */ = {
			isa = XCBuildConfiguration;
			buildSettings = {
				ALWAYS_EMBED_SWIFT_STANDARD_LIBRARIES = YES;
				BUNDLE_LOADER = "$(TEST_HOST)";
				CODE_SIGN_STYLE = Automatic;
				CURRENT_PROJECT_VERSION = 1;
				DEVELOPMENT_TEAM = SWPBG3YXG5;
				GENERATE_INFOPLIST_FILE = YES;
				IPHONEOS_DEPLOYMENT_TARGET = 15.2;
				MARKETING_VERSION = 1.0;
				PRODUCT_BUNDLE_IDENTIFIER = "com.wonbeen.XcTest-P-Tests";
				PRODUCT_NAME = "$(TARGET_NAME)";
				SWIFT_EMIT_LOC_STRINGS = NO;
				SWIFT_VERSION = 5.0;
				TARGETED_DEVICE_FAMILY = "1,2";
				TEST_HOST = "$(BUILT_PRODUCTS_DIR)/XcTest<P>.app/XcTest<P>";
			};
			name = Release;
		};
		AF17B84A27E088F2009AA710 /* Debug */ = {
			isa = XCBuildConfiguration;
			buildSettings = {
				ALWAYS_EMBED_SWIFT_STANDARD_LIBRARIES = YES;
				CODE_SIGN_STYLE = Automatic;
				CURRENT_PROJECT_VERSION = 1;
				DEVELOPMENT_TEAM = SWPBG3YXG5;
				GENERATE_INFOPLIST_FILE = YES;
				MARKETING_VERSION = 1.0;
				PRODUCT_BUNDLE_IDENTIFIER = "com.wonbeen.XcTest-P-UITests";
				PRODUCT_NAME = "$(TARGET_NAME)";
				SWIFT_EMIT_LOC_STRINGS = NO;
				SWIFT_VERSION = 5.0;
				TARGETED_DEVICE_FAMILY = "1,2";
				TEST_TARGET_NAME = "XcTest<P>";
			};
			name = Debug;
		};
		AF17B84B27E088F2009AA710 /* Release */ = {
			isa = XCBuildConfiguration;
			buildSettings = {
				ALWAYS_EMBED_SWIFT_STANDARD_LIBRARIES = YES;
				CODE_SIGN_STYLE = Automatic;
				CURRENT_PROJECT_VERSION = 1;
				DEVELOPMENT_TEAM = SWPBG3YXG5;
				GENERATE_INFOPLIST_FILE = YES;
				MARKETING_VERSION = 1.0;
				PRODUCT_BUNDLE_IDENTIFIER = "com.wonbeen.XcTest-P-UITests";
				PRODUCT_NAME = "$(TARGET_NAME)";
				SWIFT_EMIT_LOC_STRINGS = NO;
				SWIFT_VERSION = 5.0;
				TARGETED_DEVICE_FAMILY = "1,2";
				TEST_TARGET_NAME = "XcTest<P>";
			};
			name = Release;
		};
/* End XCBuildConfiguration section */

/* Begin XCConfigurationList section */
		AF17B81427E088F2009AA710 /* Build configuration list for PBXProject "XcTest<P>" */ = {
			isa = XCConfigurationList;
			buildConfigurations = (
				AF17B84127E088F2009AA710 /* Debug */,
				AF17B84227E088F2009AA710 /* Release */,
			);
			defaultConfigurationIsVisible = 0;
			defaultConfigurationName = Release;
		};
		AF17B84327E088F2009AA710 /* Build configuration list for PBXNativeTarget "XcTest<P>" */ = {
			isa = XCConfigurationList;
			buildConfigurations = (
				AF17B84427E088F2009AA710 /* Debug */,
				AF17B84527E088F2009AA710 /* Release */,
			);
			defaultConfigurationIsVisible = 0;
			defaultConfigurationName = Release;
		};
		AF17B84627E088F2009AA710 /* Build configuration list for PBXNativeTarget "XcTest<P>Tests" */ = {
			isa = XCConfigurationList;
			buildConfigurations = (
				AF17B84727E088F2009AA710 /* Debug */,
				AF17B84827E088F2009AA710 /* Release */,
			);
			defaultConfigurationIsVisible = 0;
			defaultConfigurationName = Release;
		};
		AF17B84927E088F2009AA710 /* Build configuration list for PBXNativeTarget "XcTest<P>UITests" */ = {
			isa = XCConfigurationList;
			buildConfigurations = (
				AF17B84A27E088F2009AA710 /* Debug */,
				AF17B84B27E088F2009AA710 /* Release */,
			);
			defaultConfigurationIsVisible = 0;
			defaultConfigurationName = Release;
		};
/* End XCConfigurationList section */
	};
	rootObject = AF17B81127E088F2009AA710 /* Project object */;
}
