// !$*UTF8*$!
{
	archiveVersion = 1;
	classes = {
	};
	objectVersion = 55;
	objects = {

/* Begin PBXBuildFile section */
		564521E6A4BD7E0699B403CD /* Pods_KingfisherT.framework in Frameworks */ = {isa = PBXBuildFile; fileRef = A12EAFC781C0CDEF39CAFA64 /* Pods_KingfisherT.framework */; };
		AF7A0CF027D39D720006B7F7 /* AppDelegate.swift in Sources */ = {isa = PBXBuildFile; fileRef = AF7A0CEF27D39D720006B7F7 /* AppDelegate.swift */; };
		AF7A0CF227D39D720006B7F7 /* SceneDelegate.swift in Sources */ = {isa = PBXBuildFile; fileRef = AF7A0CF127D39D720006B7F7 /* SceneDelegate.swift */; };
		AF7A0CF427D39D720006B7F7 /* ViewController.swift in Sources */ = {isa = PBXBuildFile; fileRef = AF7A0CF327D39D720006B7F7 /* ViewController.swift */; };
		AF7A0CF727D39D720006B7F7 /* Main.storyboard in Resources */ = {isa = PBXBuildFile; fileRef = AF7A0CF527D39D720006B7F7 /* Main.storyboard */; };
		AF7A0CF927D39D720006B7F7 /* Assets.xcassets in Resources */ = {isa = PBXBuildFile; fileRef = AF7A0CF827D39D720006B7F7 /* Assets.xcassets */; };
		AF7A0CFC27D39D720006B7F7 /* LaunchScreen.storyboard in Resources */ = {isa = PBXBuildFile; fileRef = AF7A0CFA27D39D720006B7F7 /* LaunchScreen.storyboard */; };
/* End PBXBuildFile section */

/* Begin PBXFileReference section */
		005B34755BF02A366A6E8B25 /* Pods-KingfisherT.release.xcconfig */ = {isa = PBXFileReference; includeInIndex = 1; lastKnownFileType = text.xcconfig; name = "Pods-KingfisherT.release.xcconfig"; path = "Target Support Files/Pods-KingfisherT/Pods-KingfisherT.release.xcconfig"; sourceTree = "<group>"; };
		757ADA00DD630E6B5CA31154 /* Pods-KingfisherT.debug.xcconfig */ = {isa = PBXFileReference; includeInIndex = 1; lastKnownFileType = text.xcconfig; name = "Pods-KingfisherT.debug.xcconfig"; path = "Target Support Files/Pods-KingfisherT/Pods-KingfisherT.debug.xcconfig"; sourceTree = "<group>"; };
		A12EAFC781C0CDEF39CAFA64 /* Pods_KingfisherT.framework */ = {isa = PBXFileReference; explicitFileType = wrapper.framework; includeInIndex = 0; path = Pods_KingfisherT.framework; sourceTree = BUILT_PRODUCTS_DIR; };
		AF7A0CEC27D39D720006B7F7 /* KingfisherT.app */ = {isa = PBXFileReference; explicitFileType = wrapper.application; includeInIndex = 0; path = KingfisherT.app; sourceTree = BUILT_PRODUCTS_DIR; };
		AF7A0CEF27D39D720006B7F7 /* AppDelegate.swift */ = {isa = PBXFileReference; lastKnownFileType = sourcecode.swift; path = AppDelegate.swift; sourceTree = "<group>"; };
		AF7A0CF127D39D720006B7F7 /* SceneDelegate.swift */ = {isa = PBXFileReference; lastKnownFileType = sourcecode.swift; path = SceneDelegate.swift; sourceTree = "<group>"; };
		AF7A0CF327D39D720006B7F7 /* ViewController.swift */ = {isa = PBXFileReference; lastKnownFileType = sourcecode.swift; path = ViewController.swift; sourceTree = "<group>"; };
		AF7A0CF627D39D720006B7F7 /* Base */ = {isa = PBXFileReference; lastKnownFileType = file.storyboard; name = Base; path = Base.lproj/Main.storyboard; sourceTree = "<group>"; };
		AF7A0CF827D39D720006B7F7 /* Assets.xcassets */ = {isa = PBXFileReference; lastKnownFileType = folder.assetcatalog; path = Assets.xcassets; sourceTree = "<group>"; };
		AF7A0CFB27D39D720006B7F7 /* Base */ = {isa = PBXFileReference; lastKnownFileType = file.storyboard; name = Base; path = Base.lproj/LaunchScreen.storyboard; sourceTree = "<group>"; };
		AF7A0CFD27D39D720006B7F7 /* Info.plist */ = {isa = PBXFileReference; lastKnownFileType = text.plist.xml; path = Info.plist; sourceTree = "<group>"; };
/* End PBXFileReference section */

/* Begin PBXFrameworksBuildPhase section */
		AF7A0CE927D39D720006B7F7 /* Frameworks */ = {
			isa = PBXFrameworksBuildPhase;
			buildActionMask = 2147483647;
			files = (
				564521E6A4BD7E0699B403CD /* Pods_KingfisherT.framework in Frameworks */,
			);
			runOnlyForDeploymentPostprocessing = 0;
		};
/* End PBXFrameworksBuildPhase section */

/* Begin PBXGroup section */
		AF7A0CE327D39D720006B7F7 = {
			isa = PBXGroup;
			children = (
				AF7A0CEE27D39D720006B7F7 /* KingfisherT */,
				AF7A0CED27D39D720006B7F7 /* Products */,
				DED053C9087BEE0143F1AEEA /* Pods */,
				CDA0D7902CA7C8638FC54BDA /* Frameworks */,
			);
			sourceTree = "<group>";
		};
		AF7A0CED27D39D720006B7F7 /* Products */ = {
			isa = PBXGroup;
			children = (
				AF7A0CEC27D39D720006B7F7 /* KingfisherT.app */,
			);
			name = Products;
			sourceTree = "<group>";
		};
		AF7A0CEE27D39D720006B7F7 /* KingfisherT */ = {
			isa = PBXGroup;
			children = (
				AF7A0CEF27D39D720006B7F7 /* AppDelegate.swift */,
				AF7A0CF127D39D720006B7F7 /* SceneDelegate.swift */,
				AF7A0CF327D39D720006B7F7 /* ViewController.swift */,
				AF7A0CF527D39D720006B7F7 /* Main.storyboard */,
				AF7A0CF827D39D720006B7F7 /* Assets.xcassets */,
				AF7A0CFA27D39D720006B7F7 /* LaunchScreen.storyboard */,
				AF7A0CFD27D39D720006B7F7 /* Info.plist */,
			);
			path = KingfisherT;
			sourceTree = "<group>";
		};
		CDA0D7902CA7C8638FC54BDA /* Frameworks */ = {
			isa = PBXGroup;
			children = (
				A12EAFC781C0CDEF39CAFA64 /* Pods_KingfisherT.framework */,
			);
			name = Frameworks;
			sourceTree = "<group>";
		};
		DED053C9087BEE0143F1AEEA /* Pods */ = {
			isa = PBXGroup;
			children = (
				757ADA00DD630E6B5CA31154 /* Pods-KingfisherT.debug.xcconfig */,
				005B34755BF02A366A6E8B25 /* Pods-KingfisherT.release.xcconfig */,
			);
			name = Pods;
			path = Pods;
			sourceTree = "<group>";
		};
/* End PBXGroup section */

/* Begin PBXNativeTarget section */
		AF7A0CEB27D39D720006B7F7 /* KingfisherT */ = {
			isa = PBXNativeTarget;
			buildConfigurationList = AF7A0D0027D39D720006B7F7 /* Build configuration list for PBXNativeTarget "KingfisherT" */;
			buildPhases = (
				ECAB725191E4C32AEDF9EE1B /* [CP] Check Pods Manifest.lock */,
				AF7A0CE827D39D720006B7F7 /* Sources */,
				AF7A0CE927D39D720006B7F7 /* Frameworks */,
				AF7A0CEA27D39D720006B7F7 /* Resources */,
				CA35B30D248601ED68F04AB0 /* [CP] Embed Pods Frameworks */,
			);
			buildRules = (
			);
			dependencies = (
			);
			name = KingfisherT;
			productName = KingfisherT;
			productReference = AF7A0CEC27D39D720006B7F7 /* KingfisherT.app */;
			productType = "com.apple.product-type.application";
		};
/* End PBXNativeTarget section */

/* Begin PBXProject section */
		AF7A0CE427D39D720006B7F7 /* Project object */ = {
			isa = PBXProject;
			attributes = {
				BuildIndependentTargetsInParallel = 1;
				LastSwiftUpdateCheck = 1320;
				LastUpgradeCheck = 1320;
				TargetAttributes = {
					AF7A0CEB27D39D720006B7F7 = {
						CreatedOnToolsVersion = 13.2;
					};
				};
			};
			buildConfigurationList = AF7A0CE727D39D720006B7F7 /* Build configuration list for PBXProject "KingfisherT" */;
			compatibilityVersion = "Xcode 13.0";
			developmentRegion = en;
			hasScannedForEncodings = 0;
			knownRegions = (
				en,
				Base,
			);
			mainGroup = AF7A0CE327D39D720006B7F7;
			productRefGroup = AF7A0CED27D39D720006B7F7 /* Products */;
			projectDirPath = "";
			projectRoot = "";
			targets = (
				AF7A0CEB27D39D720006B7F7 /* KingfisherT */,
			);
		};
/* End PBXProject section */

/* Begin PBXResourcesBuildPhase section */
		AF7A0CEA27D39D720006B7F7 /* Resources */ = {
			isa = PBXResourcesBuildPhase;
			buildActionMask = 2147483647;
			files = (
				AF7A0CFC27D39D720006B7F7 /* LaunchScreen.storyboard in Resources */,
				AF7A0CF927D39D720006B7F7 /* Assets.xcassets in Resources */,
				AF7A0CF727D39D720006B7F7 /* Main.storyboard in Resources */,
			);
			runOnlyForDeploymentPostprocessing = 0;
		};
/* End PBXResourcesBuildPhase section */

/* Begin PBXShellScriptBuildPhase section */
		CA35B30D248601ED68F04AB0 /* [CP] Embed Pods Frameworks */ = {
			isa = PBXShellScriptBuildPhase;
			buildActionMask = 2147483647;
			files = (
			);
			inputFileListPaths = (
				"${PODS_ROOT}/Target Support Files/Pods-KingfisherT/Pods-KingfisherT-frameworks-${CONFIGURATION}-input-files.xcfilelist",
			);
			name = "[CP] Embed Pods Frameworks";
			outputFileListPaths = (
				"${PODS_ROOT}/Target Support Files/Pods-KingfisherT/Pods-KingfisherT-frameworks-${CONFIGURATION}-output-files.xcfilelist",
			);
			runOnlyForDeploymentPostprocessing = 0;
			shellPath = /bin/sh;
			shellScript = "\"${PODS_ROOT}/Target Support Files/Pods-KingfisherT/Pods-KingfisherT-frameworks.sh\"\n";
			showEnvVarsInLog = 0;
		};
		ECAB725191E4C32AEDF9EE1B /* [CP] Check Pods Manifest.lock */ = {
			isa = PBXShellScriptBuildPhase;
			buildActionMask = 2147483647;
			files = (
			);
			inputFileListPaths = (
			);
			inputPaths = (
				"${PODS_PODFILE_DIR_PATH}/Podfile.lock",
				"${PODS_ROOT}/Manifest.lock",
			);
			name = "[CP] Check Pods Manifest.lock";
			outputFileListPaths = (
			);
			outputPaths = (
				"$(DERIVED_FILE_DIR)/Pods-KingfisherT-checkManifestLockResult.txt",
			);
			runOnlyForDeploymentPostprocessing = 0;
			shellPath = /bin/sh;
			shellScript = "diff \"${PODS_PODFILE_DIR_PATH}/Podfile.lock\" \"${PODS_ROOT}/Manifest.lock\" > /dev/null\nif [ $? != 0 ] ; then\n    # print error to STDERR\n    echo \"error: The sandbox is not in sync with the Podfile.lock. Run 'pod install' or update your CocoaPods installation.\" >&2\n    exit 1\nfi\n# This output is used by Xcode 'outputs' to avoid re-running this script phase.\necho \"SUCCESS\" > \"${SCRIPT_OUTPUT_FILE_0}\"\n";
			showEnvVarsInLog = 0;
		};
/* End PBXShellScriptBuildPhase section */

/* Begin PBXSourcesBuildPhase section */
		AF7A0CE827D39D720006B7F7 /* Sources */ = {
			isa = PBXSourcesBuildPhase;
			buildActionMask = 2147483647;
			files = (
				AF7A0CF427D39D720006B7F7 /* ViewController.swift in Sources */,
				AF7A0CF027D39D720006B7F7 /* AppDelegate.swift in Sources */,
				AF7A0CF227D39D720006B7F7 /* SceneDelegate.swift in Sources */,
			);
			runOnlyForDeploymentPostprocessing = 0;
		};
/* End PBXSourcesBuildPhase section */

/* Begin PBXVariantGroup section */
		AF7A0CF527D39D720006B7F7 /* Main.storyboard */ = {
			isa = PBXVariantGroup;
			children = (
				AF7A0CF627D39D720006B7F7 /* Base */,
			);
			name = Main.storyboard;
			sourceTree = "<group>";
		};
		AF7A0CFA27D39D720006B7F7 /* LaunchScreen.storyboard */ = {
			isa = PBXVariantGroup;
			children = (
				AF7A0CFB27D39D720006B7F7 /* Base */,
			);
			name = LaunchScreen.storyboard;
			sourceTree = "<group>";
		};
/* End PBXVariantGroup section */

/* Begin XCBuildConfiguration section */
		AF7A0CFE27D39D720006B7F7 /* Debug */ = {
			isa = XCBuildConfiguration;
			buildSettings = {
				ALWAYS_SEARCH_USER_PATHS = NO;
				CLANG_ANALYZER_NONNULL = YES;
				CLANG_ANALYZER_NUMBER_OBJECT_CONVERSION = YES_AGGRESSIVE;
				CLANG_CXX_LANGUAGE_STANDARD = "gnu++17";
				CLANG_CXX_LIBRARY = "libc++";
				CLANG_ENABLE_MODULES = YES;
				CLANG_ENABLE_OBJC_ARC = YES;
				CLANG_ENABLE_OBJC_WEAK = YES;
				CLANG_WARN_BLOCK_CAPTURE_AUTORELEASING = YES;
				CLANG_WARN_BOOL_CONVERSION = YES;
				CLANG_WARN_COMMA = YES;
				CLANG_WARN_CONSTANT_CONVERSION = YES;
				CLANG_WARN_DEPRECATED_OBJC_IMPLEMENTATIONS = YES;
				CLANG_WARN_DIRECT_OBJC_ISA_USAGE = YES_ERROR;
				CLANG_WARN_DOCUMENTATION_COMMENTS = YES;
				CLANG_WARN_EMPTY_BODY = YES;
				CLANG_WARN_ENUM_CONVERSION = YES;
				CLANG_WARN_INFINITE_RECURSION = YES;
				CLANG_WARN_INT_CONVERSION = YES;
				CLANG_WARN_NON_LITERAL_NULL_CONVERSION = YES;
				CLANG_WARN_OBJC_IMPLICIT_RETAIN_SELF = YES;
				CLANG_WARN_OBJC_LITERAL_CONVERSION = YES;
				CLANG_WARN_OBJC_ROOT_CLASS = YES_ERROR;
				CLANG_WARN_QUOTED_INCLUDE_IN_FRAMEWORK_HEADER = YES;
				CLANG_WARN_RANGE_LOOP_ANALYSIS = YES;
				CLANG_WARN_STRICT_PROTOTYPES = YES;
				CLANG_WARN_SUSPICIOUS_MOVE = YES;
				CLANG_WARN_UNGUARDED_AVAILABILITY = YES_AGGRESSIVE;
				CLANG_WARN_UNREACHABLE_CODE = YES;
				CLANG_WARN__DUPLICATE_METHOD_MATCH = YES;
				COPY_PHASE_STRIP = NO;
				DEBUG_INFORMATION_FORMAT = dwarf;
				ENABLE_STRICT_OBJC_MSGSEND = YES;
				ENABLE_TESTABILITY = YES;
				GCC_C_LANGUAGE_STANDARD = gnu11;
				GCC_DYNAMIC_NO_PIC = NO;
				GCC_NO_COMMON_BLOCKS = YES;
				GCC_OPTIMIZATION_LEVEL = 0;
				GCC_PREPROCESSOR_DEFINITIONS = (
					"DEBUG=1",
					"$(inherited)",
				);
				GCC_WARN_64_TO_32_BIT_CONVERSION = YES;
				GCC_WARN_ABOUT_RETURN_TYPE = YES_ERROR;
				GCC_WARN_UNDECLARED_SELECTOR = YES;
				GCC_WARN_UNINITIALIZED_AUTOS = YES_AGGRESSIVE;
				GCC_WARN_UNUSED_FUNCTION = YES;
				GCC_WARN_UNUSED_VARIABLE = YES;
				IPHONEOS_DEPLOYMENT_TARGET = 15.2;
				MTL_ENABLE_DEBUG_INFO = INCLUDE_SOURCE;
				MTL_FAST_MATH = YES;
				ONLY_ACTIVE_ARCH = YES;
				SDKROOT = iphoneos;
				SWIFT_ACTIVE_COMPILATION_CONDITIONS = DEBUG;
				SWIFT_OPTIMIZATION_LEVEL = "-Onone";
			};
			name = Debug;
		};
		AF7A0CFF27D39D720006B7F7 /* Release */ = {
			isa = XCBuildConfiguration;
			buildSettings = {
				ALWAYS_SEARCH_USER_PATHS = NO;
				CLANG_ANALYZER_NONNULL = YES;
				CLANG_ANALYZER_NUMBER_OBJECT_CONVERSION = YES_AGGRESSIVE;
				CLANG_CXX_LANGUAGE_STANDARD = "gnu++17";
				CLANG_CXX_LIBRARY = "libc++";
				CLANG_ENABLE_MODULES = YES;
				CLANG_ENABLE_OBJC_ARC = YES;
				CLANG_ENABLE_OBJC_WEAK = YES;
				CLANG_WARN_BLOCK_CAPTURE_AUTORELEASING = YES;
				CLANG_WARN_BOOL_CONVERSION = YES;
				CLANG_WARN_COMMA = YES;
				CLANG_WARN_CONSTANT_CONVERSION = YES;
				CLANG_WARN_DEPRECATED_OBJC_IMPLEMENTATIONS = YES;
				CLANG_WARN_DIRECT_OBJC_ISA_USAGE = YES_ERROR;
				CLANG_WARN_DOCUMENTATION_COMMENTS = YES;
				CLANG_WARN_EMPTY_BODY = YES;
				CLANG_WARN_ENUM_CONVERSION = YES;
				CLANG_WARN_INFINITE_RECURSION = YES;
				CLANG_WARN_INT_CONVERSION = YES;
				CLANG_WARN_NON_LITERAL_NULL_CONVERSION = YES;
				CLANG_WARN_OBJC_IMPLICIT_RETAIN_SELF = YES;
				CLANG_WARN_OBJC_LITERAL_CONVERSION = YES;
				CLANG_WARN_OBJC_ROOT_CLASS = YES_ERROR;
				CLANG_WARN_QUOTED_INCLUDE_IN_FRAMEWORK_HEADER = YES;
				CLANG_WARN_RANGE_LOOP_ANALYSIS = YES;
				CLANG_WARN_STRICT_PROTOTYPES = YES;
				CLANG_WARN_SUSPICIOUS_MOVE = YES;
				CLANG_WARN_UNGUARDED_AVAILABILITY = YES_AGGRESSIVE;
				CLANG_WARN_UNREACHABLE_CODE = YES;
				CLANG_WARN__DUPLICATE_METHOD_MATCH = YES;
				COPY_PHASE_STRIP = NO;
				DEBUG_INFORMATION_FORMAT = "dwarf-with-dsym";
				ENABLE_NS_ASSERTIONS = NO;
				ENABLE_STRICT_OBJC_MSGSEND = YES;
				GCC_C_LANGUAGE_STANDARD = gnu11;
				GCC_NO_COMMON_BLOCKS = YES;
				GCC_WARN_64_TO_32_BIT_CONVERSION = YES;
				GCC_WARN_ABOUT_RETURN_TYPE = YES_ERROR;
				GCC_WARN_UNDECLARED_SELECTOR = YES;
				GCC_WARN_UNINITIALIZED_AUTOS = YES_AGGRESSIVE;
				GCC_WARN_UNUSED_FUNCTION = YES;
				GCC_WARN_UNUSED_VARIABLE = YES;
				IPHONEOS_DEPLOYMENT_TARGET = 15.2;
				MTL_ENABLE_DEBUG_INFO = NO;
				MTL_FAST_MATH = YES;
				SDKROOT = iphoneos;
				SWIFT_COMPILATION_MODE = wholemodule;
				SWIFT_OPTIMIZATION_LEVEL = "-O";
				VALIDATE_PRODUCT = YES;
			};
			name = Release;
		};
		AF7A0D0127D39D720006B7F7 /* Debug */ = {
			isa = XCBuildConfiguration;
			baseConfigurationReference = 757ADA00DD630E6B5CA31154 /* Pods-KingfisherT.debug.xcconfig */;
			buildSettings = {
				ASSETCATALOG_COMPILER_APPICON_NAME = AppIcon;
				ASSETCATALOG_COMPILER_GLOBAL_ACCENT_COLOR_NAME = AccentColor;
				CODE_SIGN_STYLE = Automatic;
				CURRENT_PROJECT_VERSION = 1;
				DEVELOPMENT_TEAM = SWPBG3YXG5;
				GENERATE_INFOPLIST_FILE = YES;
				INFOPLIST_FILE = KingfisherT/Info.plist;
				INFOPLIST_KEY_UIApplicationSupportsIndirectInputEvents = YES;
				INFOPLIST_KEY_UILaunchStoryboardName = LaunchScreen;
				INFOPLIST_KEY_UIMainStoryboardFile = Main;
				INFOPLIST_KEY_UISupportedInterfaceOrientations_iPad = "UIInterfaceOrientationPortrait UIInterfaceOrientationPortraitUpsideDown UIInterfaceOrientationLandscapeLeft UIInterfaceOrientationLandscapeRight";
				INFOPLIST_KEY_UISupportedInterfaceOrientations_iPhone = "UIInterfaceOrientationPortrait UIInterfaceOrientationLandscapeLeft UIInterfaceOrientationLandscapeRight";
				LD_RUNPATH_SEARCH_PATHS = (
					"$(inherited)",
					"@executable_path/Frameworks",
				);
				MARKETING_VERSION = 1.0;
				PRODUCT_BUNDLE_IDENTIFIER = com.wonbeen.KingfisherT;
				PRODUCT_NAME = "$(TARGET_NAME)";
				SWIFT_EMIT_LOC_STRINGS = YES;
				SWIFT_VERSION = 5.0;
				TARGETED_DEVICE_FAMILY = "1,2";
			};
			name = Debug;
		};
		AF7A0D0227D39D720006B7F7 /* Release */ = {
			isa = XCBuildConfiguration;
			baseConfigurationReference = 005B34755BF02A366A6E8B25 /* Pods-KingfisherT.release.xcconfig */;
			buildSettings = {
				ASSETCATALOG_COMPILER_APPICON_NAME = AppIcon;
				ASSETCATALOG_COMPILER_GLOBAL_ACCENT_COLOR_NAME = AccentColor;
				CODE_SIGN_STYLE = Automatic;
				CURRENT_PROJECT_VERSION = 1;
				DEVELOPMENT_TEAM = SWPBG3YXG5;
				GENERATE_INFOPLIST_FILE = YES;
				INFOPLIST_FILE = KingfisherT/Info.plist;
				INFOPLIST_KEY_UIApplicationSupportsIndirectInputEvents = YES;
				INFOPLIST_KEY_UILaunchStoryboardName = LaunchScreen;
				INFOPLIST_KEY_UIMainStoryboardFile = Main;
				INFOPLIST_KEY_UISupportedInterfaceOrientations_iPad = "UIInterfaceOrientationPortrait UIInterfaceOrientationPortraitUpsideDown UIInterfaceOrientationLandscapeLeft UIInterfaceOrientationLandscapeRight";
				INFOPLIST_KEY_UISupportedInterfaceOrientations_iPhone = "UIInterfaceOrientationPortrait UIInterfaceOrientationLandscapeLeft UIInterfaceOrientationLandscapeRight";
				LD_RUNPATH_SEARCH_PATHS = (
					"$(inherited)",
					"@executable_path/Frameworks",
				);
				MARKETING_VERSION = 1.0;
				PRODUCT_BUNDLE_IDENTIFIER = com.wonbeen.KingfisherT;
				PRODUCT_NAME = "$(TARGET_NAME)";
				SWIFT_EMIT_LOC_STRINGS = YES;
				SWIFT_VERSION = 5.0;
				TARGETED_DEVICE_FAMILY = "1,2";
			};
			name = Release;
		};
/* End XCBuildConfiguration section */

/* Begin XCConfigurationList section */
		AF7A0CE727D39D720006B7F7 /* Build configuration list for PBXProject "KingfisherT" */ = {
			isa = XCConfigurationList;
			buildConfigurations = (
				AF7A0CFE27D39D720006B7F7 /* Debug */,
				AF7A0CFF27D39D720006B7F7 /* Release */,
			);
			defaultConfigurationIsVisible = 0;
			defaultConfigurationName = Release;
		};
		AF7A0D0027D39D720006B7F7 /* Build configuration list for PBXNativeTarget "KingfisherT" */ = {
			isa = XCConfigurationList;
			buildConfigurations = (
				AF7A0D0127D39D720006B7F7 /* Debug */,
				AF7A0D0227D39D720006B7F7 /* Release */,
			);
			defaultConfigurationIsVisible = 0;
			defaultConfigurationName = Release;
		};
/* End XCConfigurationList section */
	};
	rootObject = AF7A0CE427D39D720006B7F7 /* Project object */;
}
