// !$*UTF8*$!
{
	archiveVersion = 1;
	classes = {
	};
	objectVersion = 55;
	objects = {

/* Begin PBXBuildFile section */
		AF17B85B27E099A7009AA710 /* AppDelegate.swift in Sources */ = {isa = PBXBuildFile; fileRef = AF17B85A27E099A7009AA710 /* AppDelegate.swift */; };
		AF17B85D27E099A7009AA710 /* SceneDelegate.swift in Sources */ = {isa = PBXBuildFile; fileRef = AF17B85C27E099A7009AA710 /* SceneDelegate.swift */; };
		AF17B85F27E099A7009AA710 /* ViewController.swift in Sources */ = {isa = PBXBuildFile; fileRef = AF17B85E27E099A7009AA710 /* ViewController.swift */; };
		AF17B86227E099A7009AA710 /* Main.storyboard in Resources */ = {isa = PBXBuildFile; fileRef = AF17B86027E099A7009AA710 /* Main.storyboard */; };
		AF17B86427E099A9009AA710 /* Assets.xcassets in Resources */ = {isa = PBXBuildFile; fileRef = AF17B86327E099A9009AA710 /* Assets.xcassets */; };
		AF17B86727E099A9009AA710 /* LaunchScreen.storyboard in Resources */ = {isa = PBXBuildFile; fileRef = AF17B86527E099A9009AA710 /* LaunchScreen.storyboard */; };
		AF17B87227E099A9009AA710 /* testappTests.swift in Sources */ = {isa = PBXBuildFile; fileRef = AF17B87127E099A9009AA710 /* testappTests.swift */; };
		AF17B87C27E099A9009AA710 /* testappUITests.swift in Sources */ = {isa = PBXBuildFile; fileRef = AF17B87B27E099A9009AA710 /* testappUITests.swift */; };
		AF17B87E27E099A9009AA710 /* testappUITestsLaunchTests.swift in Sources */ = {isa = PBXBuildFile; fileRef = AF17B87D27E099A9009AA710 /* testappUITestsLaunchTests.swift */; };
/* End PBXBuildFile section */

/* Begin PBXContainerItemProxy section */
		AF17B86E27E099A9009AA710 /* PBXContainerItemProxy */ = {
			isa = PBXContainerItemProxy;
			containerPortal = AF17B84F27E099A7009AA710 /* Project object */;
			proxyType = 1;
			remoteGlobalIDString = AF17B85627E099A7009AA710;
			remoteInfo = testapp;
		};
		AF17B87827E099A9009AA710 /* PBXContainerItemProxy */ = {
			isa = PBXContainerItemProxy;
			containerPortal = AF17B84F27E099A7009AA710 /* Project object */;
			proxyType = 1;
			remoteGlobalIDString = AF17B85627E099A7009AA710;
			remoteInfo = testapp;
		};
/* End PBXContainerItemProxy section */

/* Begin PBXFileReference section */
		AF17B85727E099A7009AA710 /* testapp.app */ = {isa = PBXFileReference; explicitFileType = wrapper.application; includeInIndex = 0; path = testapp.app; sourceTree = BUILT_PRODUCTS_DIR; };
		AF17B85A27E099A7009AA710 /* AppDelegate.swift */ = {isa = PBXFileReference; lastKnownFileType = sourcecode.swift; path = AppDelegate.swift; sourceTree = "<group>"; };
		AF17B85C27E099A7009AA710 /* SceneDelegate.swift */ = {isa = PBXFileReference; lastKnownFileType = sourcecode.swift; path = SceneDelegate.swift; sourceTree = "<group>"; };
		AF17B85E27E099A7009AA710 /* ViewController.swift */ = {isa = PBXFileReference; lastKnownFileType = sourcecode.swift; path = ViewController.swift; sourceTree = "<group>"; };
		AF17B86127E099A7009AA710 /* Base */ = {isa = PBXFileReference; lastKnownFileType = file.storyboard; name = Base; path = Base.lproj/Main.storyboard; sourceTree = "<group>"; };
		AF17B86327E099A9009AA710 /* Assets.xcassets */ = {isa = PBXFileReference; lastKnownFileType = folder.assetcatalog; path = Assets.xcassets; sourceTree = "<group>"; };
		AF17B86627E099A9009AA710 /* Base */ = {isa = PBXFileReference; lastKnownFileType = file.storyboard; name = Base; path = Base.lproj/LaunchScreen.storyboard; sourceTree = "<group>"; };
		AF17B86827E099A9009AA710 /* Info.plist */ = {isa = PBXFileReference; lastKnownFileType = text.plist.xml; path = Info.plist; sourceTree = "<group>"; };
		AF17B86D27E099A9009AA710 /* testappTests.xctest */ = {isa = PBXFileReference; explicitFileType = wrapper.cfbundle; includeInIndex = 0; path = testappTests.xctest; sourceTree = BUILT_PRODUCTS_DIR; };
		AF17B87127E099A9009AA710 /* testappTests.swift */ = {isa = PBXFileReference; lastKnownFileType = sourcecode.swift; path = testappTests.swift; sourceTree = "<group>"; };
		AF17B87727E099A9009AA710 /* testappUITests.xctest */ = {isa = PBXFileReference; explicitFileType = wrapper.cfbundle; includeInIndex = 0; path = testappUITests.xctest; sourceTree = BUILT_PRODUCTS_DIR; };
		AF17B87B27E099A9009AA710 /* testappUITests.swift */ = {isa = PBXFileReference; lastKnownFileType = sourcecode.swift; path = testappUITests.swift; sourceTree = "<group>"; };
		AF17B87D27E099A9009AA710 /* testappUITestsLaunchTests.swift */ = {isa = PBXFileReference; lastKnownFileType = sourcecode.swift; path = testappUITestsLaunchTests.swift; sourceTree = "<group>"; };
/* End PBXFileReference section */

/* Begin PBXFrameworksBuildPhase section */
		AF17B85427E099A7009AA710 /* Frameworks */ = {
			isa = PBXFrameworksBuildPhase;
			buildActionMask = 2147483647;
			files = (
			);
			runOnlyForDeploymentPostprocessing = 0;
		};
		AF17B86A27E099A9009AA710 /* Frameworks */ = {
			isa = PBXFrameworksBuildPhase;
			buildActionMask = 2147483647;
			files = (
			);
			runOnlyForDeploymentPostprocessing = 0;
		};
		AF17B87427E099A9009AA710 /* Frameworks */ = {
			isa = PBXFrameworksBuildPhase;
			buildActionMask = 2147483647;
			files = (
			);
			runOnlyForDeploymentPostprocessing = 0;
		};
/* End PBXFrameworksBuildPhase section */

/* Begin PBXGroup section */
		AF17B84E27E099A7009AA710 = {
			isa = PBXGroup;
			children = (
				AF17B85927E099A7009AA710 /* testapp */,
				AF17B87027E099A9009AA710 /* testappTests */,
				AF17B87A27E099A9009AA710 /* testappUITests */,
				AF17B85827E099A7009AA710 /* Products */,
			);
			sourceTree = "<group>";
		};
		AF17B85827E099A7009AA710 /* Products */ = {
			isa = PBXGroup;
			children = (
				AF17B85727E099A7009AA710 /* testapp.app */,
				AF17B86D27E099A9009AA710 /* testappTests.xctest */,
				AF17B87727E099A9009AA710 /* testappUITests.xctest */,
			);
			name = Products;
			sourceTree = "<group>";
		};
		AF17B85927E099A7009AA710 /* testapp */ = {
			isa = PBXGroup;
			children = (
				AF17B85A27E099A7009AA710 /* AppDelegate.swift */,
				AF17B85C27E099A7009AA710 /* SceneDelegate.swift */,
				AF17B85E27E099A7009AA710 /* ViewController.swift */,
				AF17B86027E099A7009AA710 /* Main.storyboard */,
				AF17B86327E099A9009AA710 /* Assets.xcassets */,
				AF17B86527E099A9009AA710 /* LaunchScreen.storyboard */,
				AF17B86827E099A9009AA710 /* Info.plist */,
			);
			path = testapp;
			sourceTree = "<group>";
		};
		AF17B87027E099A9009AA710 /* testappTests */ = {
			isa = PBXGroup;
			children = (
				AF17B87127E099A9009AA710 /* testappTests.swift */,
			);
			path = testappTests;
			sourceTree = "<group>";
		};
		AF17B87A27E099A9009AA710 /* testappUITests */ = {
			isa = PBXGroup;
			children = (
				AF17B87B27E099A9009AA710 /* testappUITests.swift */,
				AF17B87D27E099A9009AA710 /* testappUITestsLaunchTests.swift */,
			);
			path = testappUITests;
			sourceTree = "<group>";
		};
/* End PBXGroup section */

/* Begin PBXNativeTarget section */
		AF17B85627E099A7009AA710 /* testapp */ = {
			isa = PBXNativeTarget;
			buildConfigurationList = AF17B88127E099A9009AA710 /* Build configuration list for PBXNativeTarget "testapp" */;
			buildPhases = (
				AF17B85327E099A7009AA710 /* Sources */,
				AF17B85427E099A7009AA710 /* Frameworks */,
				AF17B85527E099A7009AA710 /* Resources */,
			);
			buildRules = (
			);
			dependencies = (
			);
			name = testapp;
			productName = testapp;
			productReference = AF17B85727E099A7009AA710 /* testapp.app */;
			productType = "com.apple.product-type.application";
		};
		AF17B86C27E099A9009AA710 /* testappTests */ = {
			isa = PBXNativeTarget;
			buildConfigurationList = AF17B88427E099A9009AA710 /* Build configuration list for PBXNativeTarget "testappTests" */;
			buildPhases = (
				AF17B86927E099A9009AA710 /* Sources */,
				AF17B86A27E099A9009AA710 /* Frameworks */,
				AF17B86B27E099A9009AA710 /* Resources */,
			);
			buildRules = (
			);
			dependencies = (
				AF17B86F27E099A9009AA710 /* PBXTargetDependency */,
			);
			name = testappTests;
			productName = testappTests;
			productReference = AF17B86D27E099A9009AA710 /* testappTests.xctest */;
			productType = "com.apple.product-type.bundle.unit-test";
		};
		AF17B87627E099A9009AA710 /* testappUITests */ = {
			isa = PBXNativeTarget;
			buildConfigurationList = AF17B88727E099A9009AA710 /* Build configuration list for PBXNativeTarget "testappUITests" */;
			buildPhases = (
				AF17B87327E099A9009AA710 /* Sources */,
				AF17B87427E099A9009AA710 /* Frameworks */,
				AF17B87527E099A9009AA710 /* Resources */,
			);
			buildRules = (
			);
			dependencies = (
				AF17B87927E099A9009AA710 /* PBXTargetDependency */,
			);
			name = testappUITests;
			productName = testappUITests;
			productReference = AF17B87727E099A9009AA710 /* testappUITests.xctest */;
			productType = "com.apple.product-type.bundle.ui-testing";
		};
/* End PBXNativeTarget section */

/* Begin PBXProject section */
		AF17B84F27E099A7009AA710 /* Project object */ = {
			isa = PBXProject;
			attributes = {
				BuildIndependentTargetsInParallel = 1;
				LastSwiftUpdateCheck = 1320;
				LastUpgradeCheck = 1320;
				TargetAttributes = {
					AF17B85627E099A7009AA710 = {
						CreatedOnToolsVersion = 13.2;
					};
					AF17B86C27E099A9009AA710 = {
						CreatedOnToolsVersion = 13.2;
						TestTargetID = AF17B85627E099A7009AA710;
					};
					AF17B87627E099A9009AA710 = {
						CreatedOnToolsVersion = 13.2;
						TestTargetID = AF17B85627E099A7009AA710;
					};
				};
			};
			buildConfigurationList = AF17B85227E099A7009AA710 /* Build configuration list for PBXProject "testapp" */;
			compatibilityVersion = "Xcode 13.0";
			developmentRegion = en;
			hasScannedForEncodings = 0;
			knownRegions = (
				en,
				Base,
			);
			mainGroup = AF17B84E27E099A7009AA710;
			productRefGroup = AF17B85827E099A7009AA710 /* Products */;
			projectDirPath = "";
			projectRoot = "";
			targets = (
				AF17B85627E099A7009AA710 /* testapp */,
				AF17B86C27E099A9009AA710 /* testappTests */,
				AF17B87627E099A9009AA710 /* testappUITests */,
			);
		};
/* End PBXProject section */

/* Begin PBXResourcesBuildPhase section */
		AF17B85527E099A7009AA710 /* Resources */ = {
			isa = PBXResourcesBuildPhase;
			buildActionMask = 2147483647;
			files = (
				AF17B86727E099A9009AA710 /* LaunchScreen.storyboard in Resources */,
				AF17B86427E099A9009AA710 /* Assets.xcassets in Resources */,
				AF17B86227E099A7009AA710 /* Main.storyboard in Resources */,
			);
			runOnlyForDeploymentPostprocessing = 0;
		};
		AF17B86B27E099A9009AA710 /* Resources */ = {
			isa = PBXResourcesBuildPhase;
			buildActionMask = 2147483647;
			files = (
			);
			runOnlyForDeploymentPostprocessing = 0;
		};
		AF17B87527E099A9009AA710 /* Resources */ = {
			isa = PBXResourcesBuildPhase;
			buildActionMask = 2147483647;
			files = (
			);
			runOnlyForDeploymentPostprocessing = 0;
		};
/* End PBXResourcesBuildPhase section */

/* Begin PBXSourcesBuildPhase section */
		AF17B85327E099A7009AA710 /* Sources */ = {
			isa = PBXSourcesBuildPhase;
			buildActionMask = 2147483647;
			files = (
				AF17B85F27E099A7009AA710 /* ViewController.swift in Sources */,
				AF17B85B27E099A7009AA710 /* AppDelegate.swift in Sources */,
				AF17B85D27E099A7009AA710 /* SceneDelegate.swift in Sources */,
			);
			runOnlyForDeploymentPostprocessing = 0;
		};
		AF17B86927E099A9009AA710 /* Sources */ = {
			isa = PBXSourcesBuildPhase;
			buildActionMask = 2147483647;
			files = (
				AF17B87227E099A9009AA710 /* testappTests.swift in Sources */,
			);
			runOnlyForDeploymentPostprocessing = 0;
		};
		AF17B87327E099A9009AA710 /* Sources */ = {
			isa = PBXSourcesBuildPhase;
			buildActionMask = 2147483647;
			files = (
				AF17B87E27E099A9009AA710 /* testappUITestsLaunchTests.swift in Sources */,
				AF17B87C27E099A9009AA710 /* testappUITests.swift in Sources */,
			);
			runOnlyForDeploymentPostprocessing = 0;
		};
/* End PBXSourcesBuildPhase section */

/* Begin PBXTargetDependency section */
		AF17B86F27E099A9009AA710 /* PBXTargetDependency */ = {
			isa = PBXTargetDependency;
			target = AF17B85627E099A7009AA710 /* testapp */;
			targetProxy = AF17B86E27E099A9009AA710 /* PBXContainerItemProxy */;
		};
		AF17B87927E099A9009AA710 /* PBXTargetDependency */ = {
			isa = PBXTargetDependency;
			target = AF17B85627E099A7009AA710 /* testapp */;
			targetProxy = AF17B87827E099A9009AA710 /* PBXContainerItemProxy */;
		};
/* End PBXTargetDependency section */

/* Begin PBXVariantGroup section */
		AF17B86027E099A7009AA710 /* Main.storyboard */ = {
			isa = PBXVariantGroup;
			children = (
				AF17B86127E099A7009AA710 /* Base */,
			);
			name = Main.storyboard;
			sourceTree = "<group>";
		};
		AF17B86527E099A9009AA710 /* LaunchScreen.storyboard */ = {
			isa = PBXVariantGroup;
			children = (
				AF17B86627E099A9009AA710 /* Base */,
			);
			name = LaunchScreen.storyboard;
			sourceTree = "<group>";
		};
/* End PBXVariantGroup section */

/* Begin XCBuildConfiguration section */
		AF17B87F27E099A9009AA710 /* Debug */ = {
			isa = XCBuildConfiguration;
			buildSettings = {
				ALWAYS_SEARCH_USER_PATHS = NO;
				CLANG_ANALYZER_NONNULL = YES;
				CLANG_ANALYZER_NUMBER_OBJECT_CONVERSION = YES_AGGRESSIVE;
				CLANG_CXX_LANGUAGE_STANDARD = "gnu++17";
				CLANG_CXX_LIBRARY = "libc++";
				CLANG_ENABLE_MODULES = YES;
				CLANG_ENABLE_OBJC_ARC = YES;
				CLANG_ENABLE_OBJC_WEAK = YES;
				CLANG_WARN_BLOCK_CAPTURE_AUTORELEASING = YES;
				CLANG_WARN_BOOL_CONVERSION = YES;
				CLANG_WARN_COMMA = YES;
				CLANG_WARN_CONSTANT_CONVERSION = YES;
				CLANG_WARN_DEPRECATED_OBJC_IMPLEMENTATIONS = YES;
				CLANG_WARN_DIRECT_OBJC_ISA_USAGE = YES_ERROR;
				CLANG_WARN_DOCUMENTATION_COMMENTS = YES;
				CLANG_WARN_EMPTY_BODY = YES;
				CLANG_WARN_ENUM_CONVERSION = YES;
				CLANG_WARN_INFINITE_RECURSION = YES;
				CLANG_WARN_INT_CONVERSION = YES;
				CLANG_WARN_NON_LITERAL_NULL_CONVERSION = YES;
				CLANG_WARN_OBJC_IMPLICIT_RETAIN_SELF = YES;
				CLANG_WARN_OBJC_LITERAL_CONVERSION = YES;
				CLANG_WARN_OBJC_ROOT_CLASS = YES_ERROR;
				CLANG_WARN_QUOTED_INCLUDE_IN_FRAMEWORK_HEADER = YES;
				CLANG_WARN_RANGE_LOOP_ANALYSIS = YES;
				CLANG_WARN_STRICT_PROTOTYPES = YES;
				CLANG_WARN_SUSPICIOUS_MOVE = YES;
				CLANG_WARN_UNGUARDED_AVAILABILITY = YES_AGGRESSIVE;
				CLANG_WARN_UNREACHABLE_CODE = YES;
				CLANG_WARN__DUPLICATE_METHOD_MATCH = YES;
				COPY_PHASE_STRIP = NO;
				DEBUG_INFORMATION_FORMAT = dwarf;
				ENABLE_STRICT_OBJC_MSGSEND = YES;
				ENABLE_TESTABILITY = YES;
				GCC_C_LANGUAGE_STANDARD = gnu11;
				GCC_DYNAMIC_NO_PIC = NO;
				GCC_NO_COMMON_BLOCKS = YES;
				GCC_OPTIMIZATION_LEVEL = 0;
				GCC_PREPROCESSOR_DEFINITIONS = (
					"DEBUG=1",
					"$(inherited)",
				);
				GCC_WARN_64_TO_32_BIT_CONVERSION = YES;
				GCC_WARN_ABOUT_RETURN_TYPE = YES_ERROR;
				GCC_WARN_UNDECLARED_SELECTOR = YES;
				GCC_WARN_UNINITIALIZED_AUTOS = YES_AGGRESSIVE;
				GCC_WARN_UNUSED_FUNCTION = YES;
				GCC_WARN_UNUSED_VARIABLE = YES;
				IPHONEOS_DEPLOYMENT_TARGET = 15.2;
				MTL_ENABLE_DEBUG_INFO = INCLUDE_SOURCE;
				MTL_FAST_MATH = YES;
				ONLY_ACTIVE_ARCH = YES;
				SDKROOT = iphoneos;
				SWIFT_ACTIVE_COMPILATION_CONDITIONS = DEBUG;
				SWIFT_OPTIMIZATION_LEVEL = "-Onone";
			};
			name = Debug;
		};
		AF17B88027E099A9009AA710 /* Release */ = {
			isa = XCBuildConfiguration;
			buildSettings = {
				ALWAYS_SEARCH_USER_PATHS = NO;
				CLANG_ANALYZER_NONNULL = YES;
				CLANG_ANALYZER_NUMBER_OBJECT_CONVERSION = YES_AGGRESSIVE;
				CLANG_CXX_LANGUAGE_STANDARD = "gnu++17";
				CLANG_CXX_LIBRARY = "libc++";
				CLANG_ENABLE_MODULES = YES;
				CLANG_ENABLE_OBJC_ARC = YES;
				CLANG_ENABLE_OBJC_WEAK = YES;
				CLANG_WARN_BLOCK_CAPTURE_AUTORELEASING = YES;
				CLANG_WARN_BOOL_CONVERSION = YES;
				CLANG_WARN_COMMA = YES;
				CLANG_WARN_CONSTANT_CONVERSION = YES;
				CLANG_WARN_DEPRECATED_OBJC_IMPLEMENTATIONS = YES;
				CLANG_WARN_DIRECT_OBJC_ISA_USAGE = YES_ERROR;
				CLANG_WARN_DOCUMENTATION_COMMENTS = YES;
				CLANG_WARN_EMPTY_BODY = YES;
				CLANG_WARN_ENUM_CONVERSION = YES;
				CLANG_WARN_INFINITE_RECURSION = YES;
				CLANG_WARN_INT_CONVERSION = YES;
				CLANG_WARN_NON_LITERAL_NULL_CONVERSION = YES;
				CLANG_WARN_OBJC_IMPLICIT_RETAIN_SELF = YES;
				CLANG_WARN_OBJC_LITERAL_CONVERSION = YES;
				CLANG_WARN_OBJC_ROOT_CLASS = YES_ERROR;
				CLANG_WARN_QUOTED_INCLUDE_IN_FRAMEWORK_HEADER = YES;
				CLANG_WARN_RANGE_LOOP_ANALYSIS = YES;
				CLANG_WARN_STRICT_PROTOTYPES = YES;
				CLANG_WARN_SUSPICIOUS_MOVE = YES;
				CLANG_WARN_UNGUARDED_AVAILABILITY = YES_AGGRESSIVE;
				CLANG_WARN_UNREACHABLE_CODE = YES;
				CLANG_WARN__DUPLICATE_METHOD_MATCH = YES;
				COPY_PHASE_STRIP = NO;
				DEBUG_INFORMATION_FORMAT = "dwarf-with-dsym";
				ENABLE_NS_ASSERTIONS = NO;
				ENABLE_STRICT_OBJC_MSGSEND = YES;
				GCC_C_LANGUAGE_STANDARD = gnu11;
				GCC_NO_COMMON_BLOCKS = YES;
				GCC_WARN_64_TO_32_BIT_CONVERSION = YES;
				GCC_WARN_ABOUT_RETURN_TYPE = YES_ERROR;
				GCC_WARN_UNDECLARED_SELECTOR = YES;
				GCC_WARN_UNINITIALIZED_AUTOS = YES_AGGRESSIVE;
				GCC_WARN_UNUSED_FUNCTION = YES;
				GCC_WARN_UNUSED_VARIABLE = YES;
				IPHONEOS_DEPLOYMENT_TARGET = 15.2;
				MTL_ENABLE_DEBUG_INFO = NO;
				MTL_FAST_MATH = YES;
				SDKROOT = iphoneos;
				SWIFT_COMPILATION_MODE = wholemodule;
				SWIFT_OPTIMIZATION_LEVEL = "-O";
				VALIDATE_PRODUCT = YES;
			};
			name = Release;
		};
		AF17B88227E099A9009AA710 /* Debug */ = {
			isa = XCBuildConfiguration;
			buildSettings = {
				ASSETCATALOG_COMPILER_APPICON_NAME = AppIcon;
				ASSETCATALOG_COMPILER_GLOBAL_ACCENT_COLOR_NAME = AccentColor;
				CODE_SIGN_STYLE = Automatic;
				CURRENT_PROJECT_VERSION = 1;
				DEVELOPMENT_TEAM = SWPBG3YXG5;
				GENERATE_INFOPLIST_FILE = YES;
				INFOPLIST_FILE = testapp/Info.plist;
				INFOPLIST_KEY_UIApplicationSupportsIndirectInputEvents = YES;
				INFOPLIST_KEY_UILaunchStoryboardName = LaunchScreen;
				INFOPLIST_KEY_UIMainStoryboardFile = Main;
				INFOPLIST_KEY_UISupportedInterfaceOrientations_iPad = "UIInterfaceOrientationPortrait UIInterfaceOrientationPortraitUpsideDown UIInterfaceOrientationLandscapeLeft UIInterfaceOrientationLandscapeRight";
				INFOPLIST_KEY_UISupportedInterfaceOrientations_iPhone = "UIInterfaceOrientationPortrait UIInterfaceOrientationLandscapeLeft UIInterfaceOrientationLandscapeRight";
				LD_RUNPATH_SEARCH_PATHS = (
					"$(inherited)",
					"@executable_path/Frameworks",
				);
				MARKETING_VERSION = 1.0;
				PRODUCT_BUNDLE_IDENTIFIER = com.wonbeen.testapp;
				PRODUCT_NAME = "$(TARGET_NAME)";
				SWIFT_EMIT_LOC_STRINGS = YES;
				SWIFT_VERSION = 5.0;
				TARGETED_DEVICE_FAMILY = "1,2";
			};
			name = Debug;
		};
		AF17B88327E099A9009AA710 /* Release */ = {
			isa = XCBuildConfiguration;
			buildSettings = {
				ASSETCATALOG_COMPILER_APPICON_NAME = AppIcon;
				ASSETCATALOG_COMPILER_GLOBAL_ACCENT_COLOR_NAME = AccentColor;
				CODE_SIGN_STYLE = Automatic;
				CURRENT_PROJECT_VERSION = 1;
				DEVELOPMENT_TEAM = SWPBG3YXG5;
				GENERATE_INFOPLIST_FILE = YES;
				INFOPLIST_FILE = testapp/Info.plist;
				INFOPLIST_KEY_UIApplicationSupportsIndirectInputEvents = YES;
				INFOPLIST_KEY_UILaunchStoryboardName = LaunchScreen;
				INFOPLIST_KEY_UIMainStoryboardFile = Main;
				INFOPLIST_KEY_UISupportedInterfaceOrientations_iPad = "UIInterfaceOrientationPortrait UIInterfaceOrientationPortraitUpsideDown UIInterfaceOrientationLandscapeLeft UIInterfaceOrientationLandscapeRight";
				INFOPLIST_KEY_UISupportedInterfaceOrientations_iPhone = "UIInterfaceOrientationPortrait UIInterfaceOrientationLandscapeLeft UIInterfaceOrientationLandscapeRight";
				LD_RUNPATH_SEARCH_PATHS = (
					"$(inherited)",
					"@executable_path/Frameworks",
				);
				MARKETING_VERSION = 1.0;
				PRODUCT_BUNDLE_IDENTIFIER = com.wonbeen.testapp;
				PRODUCT_NAME = "$(TARGET_NAME)";
				SWIFT_EMIT_LOC_STRINGS = YES;
				SWIFT_VERSION = 5.0;
				TARGETED_DEVICE_FAMILY = "1,2";
			};
			name = Release;
		};
		AF17B88527E099A9009AA710 /* Debug */ = {
			isa = XCBuildConfiguration;
			buildSettings = {
				ALWAYS_EMBED_SWIFT_STANDARD_LIBRARIES = YES;
				BUNDLE_LOADER = "$(TEST_HOST)";
				CODE_SIGN_STYLE = Automatic;
				CURRENT_PROJECT_VERSION = 1;
				DEVELOPMENT_TEAM = SWPBG3YXG5;
				GENERATE_INFOPLIST_FILE = YES;
				IPHONEOS_DEPLOYMENT_TARGET = 15.2;
				MARKETING_VERSION = 1.0;
				PRODUCT_BUNDLE_IDENTIFIER = com.wonbeen.testappTests;
				PRODUCT_NAME = "$(TARGET_NAME)";
				SWIFT_EMIT_LOC_STRINGS = NO;
				SWIFT_VERSION = 5.0;
				TARGETED_DEVICE_FAMILY = "1,2";
				TEST_HOST = "$(BUILT_PRODUCTS_DIR)/testapp.app/testapp";
			};
			name = Debug;
		};
		AF17B88627E099A9009AA710 /* Release */ = {
			isa = XCBuildConfiguration;
			buildSettings = {
				ALWAYS_EMBED_SWIFT_STANDARD_LIBRARIES = YES;
				BUNDLE_LOADER = "$(TEST_HOST)";
				CODE_SIGN_STYLE = Automatic;
				CURRENT_PROJECT_VERSION = 1;
				DEVELOPMENT_TEAM = SWPBG3YXG5;
				GENERATE_INFOPLIST_FILE = YES;
				IPHONEOS_DEPLOYMENT_TARGET = 15.2;
				MARKETING_VERSION = 1.0;
				PRODUCT_BUNDLE_IDENTIFIER = com.wonbeen.testappTests;
				PRODUCT_NAME = "$(TARGET_NAME)";
				SWIFT_EMIT_LOC_STRINGS = NO;
				SWIFT_VERSION = 5.0;
				TARGETED_DEVICE_FAMILY = "1,2";
				TEST_HOST = "$(BUILT_PRODUCTS_DIR)/testapp.app/testapp";
			};
			name = Release;
		};
		AF17B88827E099A9009AA710 /* Debug */ = {
			isa = XCBuildConfiguration;
			buildSettings = {
				ALWAYS_EMBED_SWIFT_STANDARD_LIBRARIES = YES;
				CODE_SIGN_STYLE = Automatic;
				CURRENT_PROJECT_VERSION = 1;
				DEVELOPMENT_TEAM = SWPBG3YXG5;
				GENERATE_INFOPLIST_FILE = YES;
				MARKETING_VERSION = 1.0;
				PRODUCT_BUNDLE_IDENTIFIER = com.wonbeen.testappUITests;
				PRODUCT_NAME = "$(TARGET_NAME)";
				SWIFT_EMIT_LOC_STRINGS = NO;
				SWIFT_VERSION = 5.0;
				TARGETED_DEVICE_FAMILY = "1,2";
				TEST_TARGET_NAME = testapp;
			};
			name = Debug;
		};
		AF17B88927E099A9009AA710 /* Release */ = {
			isa = XCBuildConfiguration;
			buildSettings = {
				ALWAYS_EMBED_SWIFT_STANDARD_LIBRARIES = YES;
				CODE_SIGN_STYLE = Automatic;
				CURRENT_PROJECT_VERSION = 1;
				DEVELOPMENT_TEAM = SWPBG3YXG5;
				GENERATE_INFOPLIST_FILE = YES;
				MARKETING_VERSION = 1.0;
				PRODUCT_BUNDLE_IDENTIFIER = com.wonbeen.testappUITests;
				PRODUCT_NAME = "$(TARGET_NAME)";
				SWIFT_EMIT_LOC_STRINGS = NO;
				SWIFT_VERSION = 5.0;
				TARGETED_DEVICE_FAMILY = "1,2";
				TEST_TARGET_NAME = testapp;
			};
			name = Release;
		};
/* End XCBuildConfiguration section */

/* Begin XCConfigurationList section */
		AF17B85227E099A7009AA710 /* Build configuration list for PBXProject "testapp" */ = {
			isa = XCConfigurationList;
			buildConfigurations = (
				AF17B87F27E099A9009AA710 /* Debug */,
				AF17B88027E099A9009AA710 /* Release */,
			);
			defaultConfigurationIsVisible = 0;
			defaultConfigurationName = Release;
		};
		AF17B88127E099A9009AA710 /* Build configuration list for PBXNativeTarget "testapp" */ = {
			isa = XCConfigurationList;
			buildConfigurations = (
				AF17B88227E099A9009AA710 /* Debug */,
				AF17B88327E099A9009AA710 /* Release */,
			);
			defaultConfigurationIsVisible = 0;
			defaultConfigurationName = Release;
		};
		AF17B88427E099A9009AA710 /* Build configuration list for PBXNativeTarget "testappTests" */ = {
			isa = XCConfigurationList;
			buildConfigurations = (
				AF17B88527E099A9009AA710 /* Debug */,
				AF17B88627E099A9009AA710 /* Release */,
			);
			defaultConfigurationIsVisible = 0;
			defaultConfigurationName = Release;
		};
		AF17B88727E099A9009AA710 /* Build configuration list for PBXNativeTarget "testappUITests" */ = {
			isa = XCConfigurationList;
			buildConfigurations = (
				AF17B88827E099A9009AA710 /* Debug */,
				AF17B88927E099A9009AA710 /* Release */,
			);
			defaultConfigurationIsVisible = 0;
			defaultConfigurationName = Release;
		};
/* End XCConfigurationList section */
	};
	rootObject = AF17B84F27E099A7009AA710 /* Project object */;
}
